
Microsoft Visual Studio Solution File, Format Version 12.00
# Visual Studio Version 17
VisualStudioVersion = 17.13.35825.156 d17.13
MinimumVisualStudioVersion = 10.0.40219.1
Project("{FAE04EC0-301F-11D3-BF4B-00C04F79EFBC}") = "BarbieTetris", "BarbieTetris\BarbieTetris.csproj", "{CE271E51-A3CC-4DA1-9422-140356740575}"
EndProject
Global
	GlobalSection(SolutionConfigurationPlatforms) = preSolution
		Debug|Any CPU = Debug|Any CPU
		Release|Any CPU = Release|Any CPU
	EndGlobalSection
	GlobalSection(ProjectConfigurationPlatforms) = postSolution
		{CE271E51-A3CC-4DA1-9422-140356740575}.Debug|Any CPU.ActiveCfg = Debug|Any CPU
		{CE271E51-A3CC-4DA1-9422-140356740575}.Debug|Any CPU.Build.0 = Debug|Any CPU
		{CE271E51-A3CC-4DA1-9422-140356740575}.Release|Any CPU.ActiveCfg = Release|Any CPU
		{CE271E51-A3CC-4DA1-9422-140356740575}.Release|Any CPU.Build.0 = Release|Any CPU
	EndGlobalSection
	GlobalSection(SolutionProperties) = preSolution
		HideSolutionNode = FALSE
	EndGlobalSection
	GlobalSection(ExtensibilityGlobals) = postSolution
		SolutionGuid = {E640B979-CFF3-4EB2-A3B6-27345E2AC350}
	EndGlobalSection
EndGlobal
